
Microsoft Visual Studio Solution File, Format Version 12.00
# Visual Studio Version 16
VisualStudioVersion = 16.0.30413.136
MinimumVisualStudioVersion = 10.0.40219.1
Project("{FAE04EC0-301F-11D3-BF4B-00C04F79EFBC}") = "Vidly", "Vidly\Vidly.csproj", "{DFCDCDAF-5F7C-4D47-98FF-C785B40F446D}"
EndProject
Global
	GlobalSection(SolutionConfigurationPlatforms) = preSolution
		Debug|Any CPU = Debug|Any CPU
		Release|Any CPU = Release|Any CPU
	EndGlobalSection
	GlobalSection(ProjectConfigurationPlatforms) = postSolution
		{DFCDCDAF-5F7C-4D47-98FF-C785B40F446D}.Debug|Any CPU.ActiveCfg = Debug|Any CPU
		{DFCDCDAF-5F7C-4D47-98FF-C785B40F446D}.Debug|Any CPU.Build.0 = Debug|Any CPU
		{DFCDCDAF-5F7C-4D47-98FF-C785B40F446D}.Release|Any CPU.ActiveCfg = Release|Any CPU
		{DFCDCDAF-5F7C-4D47-98FF-C785B40F446D}.Release|Any CPU.Build.0 = Release|Any CPU
	EndGlobalSection
	GlobalSection(SolutionProperties) = preSolution
		HideSolutionNode = FALSE
	EndGlobalSection
	GlobalSection(ExtensibilityGlobals) = postSolution
		SolutionGuid = {7AD0590C-2A1E-4503-9731-A2F1DAB53462}
	EndGlobalSection
EndGlobal
